
Microsoft Visual Studio Solution File, Format Version 12.00
# Visual Studio Version 17
VisualStudioVersion = 17.5.002.0
MinimumVisualStudioVersion = 10.0.40219.1
Project("{9A19103F-16F7-4668-BE54-9A1E7A4F7556}") = "console-project-menu", "console-project-menu.csproj", "{AE4AD8E9-9734-47BE-8FF7-DFC4A7654591}"
EndProject
Global
	GlobalSection(SolutionConfigurationPlatforms) = preSolution
		Debug|Any CPU = Debug|Any CPU
		Release|Any CPU = Release|Any CPU
	EndGlobalSection
	GlobalSection(ProjectConfigurationPlatforms) = postSolution
		{AE4AD8E9-9734-47BE-8FF7-DFC4A7654591}.Debug|Any CPU.ActiveCfg = Debug|Any CPU
		{AE4AD8E9-9734-47BE-8FF7-DFC4A7654591}.Debug|Any CPU.Build.0 = Debug|Any CPU
		{AE4AD8E9-9734-47BE-8FF7-DFC4A7654591}.Release|Any CPU.ActiveCfg = Release|Any CPU
		{AE4AD8E9-9734-47BE-8FF7-DFC4A7654591}.Release|Any CPU.Build.0 = Release|Any CPU
	EndGlobalSection
	GlobalSection(SolutionProperties) = preSolution
		HideSolutionNode = FALSE
	EndGlobalSection
	GlobalSection(ExtensibilityGlobals) = postSolution
		SolutionGuid = {99235B73-6DD5-4351-BA5D-CADABA1A777A}
	EndGlobalSection
EndGlobal
